
Microsoft Visual Studio Solution File, Format Version 12.00
# Visual Studio Version 17
VisualStudioVersion = 17.12.35506.116
MinimumVisualStudioVersion = 10.0.40219.1
Project("{FAE04EC0-301F-11D3-BF4B-00C04F79EFBC}") = "Assecor", "Assecor.csproj", "{B09EDB69-3661-48DF-98E3-87C1226DAE47}"
EndProject
Project("{2150E333-8FDC-42A3-9474-1A3956D46DE8}") = "Domain", "Domain", "{6606C738-8A44-4B4A-BB90-CAB588FEAE17}"
EndProject
Project("{FAE04EC0-301F-11D3-BF4B-00C04F79EFBC}") = "Domain.Core", "..\Domain.Core\Domain.Core.csproj", "{A3F29E68-0045-427D-9576-E768181D52FE}"
EndProject
Project("{FAE04EC0-301F-11D3-BF4B-00C04F79EFBC}") = "Domain.Interface", "..\Domain.Interface\Domain.Interface.csproj", "{B9B5678B-EB4D-4672-866A-0C3FBC71994B}"
EndProject
Project("{FAE04EC0-301F-11D3-BF4B-00C04F79EFBC}") = "Domain.EF", "..\Domain.EF\Domain.EF.csproj", "{7A445E02-8074-455D-A064-74931FF274FD}"
EndProject
Project("{FAE04EC0-301F-11D3-BF4B-00C04F79EFBC}") = "Domain.Repositories", "..\Domain.Repositories\Domain.Repositories.csproj", "{8D11E7C2-BC65-4F1A-A09F-079921F79BE2}"
EndProject
Project("{2150E333-8FDC-42A3-9474-1A3956D46DE8}") = "Business", "Business", "{B4B5B838-C059-41DD-9AD1-9AC5EF0FA464}"
EndProject
Project("{FAE04EC0-301F-11D3-BF4B-00C04F79EFBC}") = "BusinessDTO", "..\BusinessDTO\BusinessDTO.csproj", "{E393EF93-AAB8-4174-BE1E-D5CD474ED72E}"
EndProject
Project("{FAE04EC0-301F-11D3-BF4B-00C04F79EFBC}") = "Interfaces", "..\Interfaces\Interfaces.csproj", "{3490CB41-207F-4C33-9312-D3D4C1CF0664}"
EndProject
Project("{FAE04EC0-301F-11D3-BF4B-00C04F79EFBC}") = "Services", "..\Services\Services.csproj", "{E15B2F54-319A-4E70-AF0B-65880314C01D}"
EndProject
Project("{FAE04EC0-301F-11D3-BF4B-00C04F79EFBC}") = "Infrastructure", "..\Infrastructure\Infrastructure.csproj", "{7125BF2C-E8F8-4D8D-9DBA-8F2874A4373C}"
EndProject
Project("{FAE04EC0-301F-11D3-BF4B-00C04F79EFBC}") = "Domain.Data", "..\Domain.Data\Domain.Data.csproj", "{1E717AE5-54F2-4592-9B77-3820F62298FB}"
EndProject
Project("{FAE04EC0-301F-11D3-BF4B-00C04F79EFBC}") = "Assecor.Tests", "..\Assecor.Tests\Assecor.Tests.csproj", "{C14FA8C3-0309-4399-AAB1-8549844C2908}"
EndProject
Global
	GlobalSection(SolutionConfigurationPlatforms) = preSolution
		Debug|Any CPU = Debug|Any CPU
		Release|Any CPU = Release|Any CPU
	EndGlobalSection
	GlobalSection(ProjectConfigurationPlatforms) = postSolution
		{B09EDB69-3661-48DF-98E3-87C1226DAE47}.Debug|Any CPU.ActiveCfg = Debug|Any CPU
		{B09EDB69-3661-48DF-98E3-87C1226DAE47}.Debug|Any CPU.Build.0 = Debug|Any CPU
		{B09EDB69-3661-48DF-98E3-87C1226DAE47}.Release|Any CPU.ActiveCfg = Release|Any CPU
		{B09EDB69-3661-48DF-98E3-87C1226DAE47}.Release|Any CPU.Build.0 = Release|Any CPU
		{A3F29E68-0045-427D-9576-E768181D52FE}.Debug|Any CPU.ActiveCfg = Debug|Any CPU
		{A3F29E68-0045-427D-9576-E768181D52FE}.Debug|Any CPU.Build.0 = Debug|Any CPU
		{A3F29E68-0045-427D-9576-E768181D52FE}.Release|Any CPU.ActiveCfg = Release|Any CPU
		{A3F29E68-0045-427D-9576-E768181D52FE}.Release|Any CPU.Build.0 = Release|Any CPU
		{B9B5678B-EB4D-4672-866A-0C3FBC71994B}.Debug|Any CPU.ActiveCfg = Debug|Any CPU
		{B9B5678B-EB4D-4672-866A-0C3FBC71994B}.Debug|Any CPU.Build.0 = Debug|Any CPU
		{B9B5678B-EB4D-4672-866A-0C3FBC71994B}.Release|Any CPU.ActiveCfg = Release|Any CPU
		{B9B5678B-EB4D-4672-866A-0C3FBC71994B}.Release|Any CPU.Build.0 = Release|Any CPU
		{7A445E02-8074-455D-A064-74931FF274FD}.Debug|Any CPU.ActiveCfg = Debug|Any CPU
		{7A445E02-8074-455D-A064-74931FF274FD}.Debug|Any CPU.Build.0 = Debug|Any CPU
		{7A445E02-8074-455D-A064-74931FF274FD}.Release|Any CPU.ActiveCfg = Release|Any CPU
		{7A445E02-8074-455D-A064-74931FF274FD}.Release|Any CPU.Build.0 = Release|Any CPU
		{8D11E7C2-BC65-4F1A-A09F-079921F79BE2}.Debug|Any CPU.ActiveCfg = Debug|Any CPU
		{8D11E7C2-BC65-4F1A-A09F-079921F79BE2}.Debug|Any CPU.Build.0 = Debug|Any CPU
		{8D11E7C2-BC65-4F1A-A09F-079921F79BE2}.Release|Any CPU.ActiveCfg = Release|Any CPU
		{8D11E7C2-BC65-4F1A-A09F-079921F79BE2}.Release|Any CPU.Build.0 = Release|Any CPU
		{E393EF93-AAB8-4174-BE1E-D5CD474ED72E}.Debug|Any CPU.ActiveCfg = Debug|Any CPU
		{E393EF93-AAB8-4174-BE1E-D5CD474ED72E}.Debug|Any CPU.Build.0 = Debug|Any CPU
		{E393EF93-AAB8-4174-BE1E-D5CD474ED72E}.Release|Any CPU.ActiveCfg = Release|Any CPU
		{E393EF93-AAB8-4174-BE1E-D5CD474ED72E}.Release|Any CPU.Build.0 = Release|Any CPU
		{3490CB41-207F-4C33-9312-D3D4C1CF0664}.Debug|Any CPU.ActiveCfg = Debug|Any CPU
		{3490CB41-207F-4C33-9312-D3D4C1CF0664}.Debug|Any CPU.Build.0 = Debug|Any CPU
		{3490CB41-207F-4C33-9312-D3D4C1CF0664}.Release|Any CPU.ActiveCfg = Release|Any CPU
		{3490CB41-207F-4C33-9312-D3D4C1CF0664}.Release|Any CPU.Build.0 = Release|Any CPU
		{E15B2F54-319A-4E70-AF0B-65880314C01D}.Debug|Any CPU.ActiveCfg = Debug|Any CPU
		{E15B2F54-319A-4E70-AF0B-65880314C01D}.Debug|Any CPU.Build.0 = Debug|Any CPU
		{E15B2F54-319A-4E70-AF0B-65880314C01D}.Release|Any CPU.ActiveCfg = Release|Any CPU
		{E15B2F54-319A-4E70-AF0B-65880314C01D}.Release|Any CPU.Build.0 = Release|Any CPU
		{7125BF2C-E8F8-4D8D-9DBA-8F2874A4373C}.Debug|Any CPU.ActiveCfg = Debug|Any CPU
		{7125BF2C-E8F8-4D8D-9DBA-8F2874A4373C}.Debug|Any CPU.Build.0 = Debug|Any CPU
		{7125BF2C-E8F8-4D8D-9DBA-8F2874A4373C}.Release|Any CPU.ActiveCfg = Release|Any CPU
		{7125BF2C-E8F8-4D8D-9DBA-8F2874A4373C}.Release|Any CPU.Build.0 = Release|Any CPU
		{1E717AE5-54F2-4592-9B77-3820F62298FB}.Debug|Any CPU.ActiveCfg = Debug|Any CPU
		{1E717AE5-54F2-4592-9B77-3820F62298FB}.Debug|Any CPU.Build.0 = Debug|Any CPU
		{1E717AE5-54F2-4592-9B77-3820F62298FB}.Release|Any CPU.ActiveCfg = Release|Any CPU
		{1E717AE5-54F2-4592-9B77-3820F62298FB}.Release|Any CPU.Build.0 = Release|Any CPU
		{C14FA8C3-0309-4399-AAB1-8549844C2908}.Debug|Any CPU.ActiveCfg = Debug|Any CPU
		{C14FA8C3-0309-4399-AAB1-8549844C2908}.Debug|Any CPU.Build.0 = Debug|Any CPU
		{C14FA8C3-0309-4399-AAB1-8549844C2908}.Release|Any CPU.ActiveCfg = Release|Any CPU
		{C14FA8C3-0309-4399-AAB1-8549844C2908}.Release|Any CPU.Build.0 = Release|Any CPU
	EndGlobalSection
	GlobalSection(SolutionProperties) = preSolution
		HideSolutionNode = FALSE
	EndGlobalSection
	GlobalSection(NestedProjects) = preSolution
		{A3F29E68-0045-427D-9576-E768181D52FE} = {6606C738-8A44-4B4A-BB90-CAB588FEAE17}
		{B9B5678B-EB4D-4672-866A-0C3FBC71994B} = {6606C738-8A44-4B4A-BB90-CAB588FEAE17}
		{7A445E02-8074-455D-A064-74931FF274FD} = {6606C738-8A44-4B4A-BB90-CAB588FEAE17}
		{8D11E7C2-BC65-4F1A-A09F-079921F79BE2} = {6606C738-8A44-4B4A-BB90-CAB588FEAE17}
		{E393EF93-AAB8-4174-BE1E-D5CD474ED72E} = {B4B5B838-C059-41DD-9AD1-9AC5EF0FA464}
		{3490CB41-207F-4C33-9312-D3D4C1CF0664} = {B4B5B838-C059-41DD-9AD1-9AC5EF0FA464}
		{E15B2F54-319A-4E70-AF0B-65880314C01D} = {B4B5B838-C059-41DD-9AD1-9AC5EF0FA464}
		{7125BF2C-E8F8-4D8D-9DBA-8F2874A4373C} = {B4B5B838-C059-41DD-9AD1-9AC5EF0FA464}
		{1E717AE5-54F2-4592-9B77-3820F62298FB} = {6606C738-8A44-4B4A-BB90-CAB588FEAE17}
	EndGlobalSection
EndGlobal
